
Microsoft Visual Studio Solution File, Format Version 12.00
# Visual Studio Version 17
VisualStudioVersion = 17.10.35004.147
MinimumVisualStudioVersion = 10.0.40219.1
Project("{2150E333-8FDC-42A3-9474-1A3956D46DE8}") = "src", "src", "{6C4058B5-C51F-4ECC-8531-4F45F3A7ECD6}"
EndProject
Project("{2150E333-8FDC-42A3-9474-1A3956D46DE8}") = "ApiGateways", "ApiGateways", "{DFABAC60-6102-4B8A-BBAF-0F59861BF93F}"
EndProject
Project("{2150E333-8FDC-42A3-9474-1A3956D46DE8}") = "WebApiGateway", "WebApiGateway", "{95FC4586-E50C-4AB3-885C-1D2856DE81BA}"
EndProject
Project("{9A19103F-16F7-4668-BE54-9A1E7A4F7556}") = "Web.ApiGateway", "src\ApiGateways\WebApiGateway\Web.ApiGateway\Web.ApiGateway.csproj", "{1E82346A-C64D-4F9F-BCEE-056F26E86721}"
EndProject
Project("{2150E333-8FDC-42A3-9474-1A3956D46DE8}") = "BuildingBlocks", "BuildingBlocks", "{0914CF7E-F5D7-4AD7-ACF8-37C4C74800FE}"
EndProject
Project("{2150E333-8FDC-42A3-9474-1A3956D46DE8}") = "Clients", "Clients", "{19A4380A-D483-45A8-8B03-8F4CE4E329C4}"
EndProject
Project("{2150E333-8FDC-42A3-9474-1A3956D46DE8}") = "Services", "Services", "{9BFAEAB3-B13D-464D-A946-BCC73BE575EB}"
EndProject
Project("{2150E333-8FDC-42A3-9474-1A3956D46DE8}") = "Identity", "Identity", "{985D148C-A43D-4CCB-B99F-62C0FAA5DFCB}"
EndProject
Project("{2150E333-8FDC-42A3-9474-1A3956D46DE8}") = "src", "src", "{7E4487F8-E918-4606-A367-AF29AA3E9F64}"
EndProject
Project("{2150E333-8FDC-42A3-9474-1A3956D46DE8}") = "tests", "tests", "{1F886CAC-02FA-4369-81C9-21BBB69CE798}"
EndProject
Project("{9A19103F-16F7-4668-BE54-9A1E7A4F7556}") = "Identity.API", "src\Services\Identity\src\Identity.API\Identity.API.csproj", "{DDB0535A-CBC5-47A3-A188-8140149E5F50}"
EndProject
Project("{9A19103F-16F7-4668-BE54-9A1E7A4F7556}") = "Identity", "src\Services\Identity\src\Identity\Identity.csproj", "{2D528B97-D57B-4484-93ED-7C29045F247B}"
EndProject
Project("{9A19103F-16F7-4668-BE54-9A1E7A4F7556}") = "IntegrationTest", "src\Services\Identity\tests\IntegrationTest\IntegrationTest.csproj", "{AA8D51A6-DDF3-44E5-944D-2B044425CC84}"
EndProject
Project("{2150E333-8FDC-42A3-9474-1A3956D46DE8}") = "Ticketing", "Ticketing", "{5DF9C19C-1365-421B-A6FB-03D481249E90}"
EndProject
Project("{2150E333-8FDC-42A3-9474-1A3956D46DE8}") = "src", "src", "{8B54CB83-534A-44AD-898F-7F7FAB33A2B1}"
EndProject
Project("{2150E333-8FDC-42A3-9474-1A3956D46DE8}") = "tests", "tests", "{BDA34B04-103F-4C0C-B02D-E8AB4AE7E881}"
EndProject
Project("{9A19103F-16F7-4668-BE54-9A1E7A4F7556}") = "Ticketing.API", "src\Services\Ticketing\src\Ticketing.API\Ticketing.API.csproj", "{6158CF16-18A2-4383-A6AA-D63A6AF86B4D}"
EndProject
Project("{9A19103F-16F7-4668-BE54-9A1E7A4F7556}") = "Ticketing", "src\Services\Ticketing\src\Ticketing\Ticketing.csproj", "{38902A5F-696C-437C-9C00-CE3662F61BFC}"
EndProject
Project("{2150E333-8FDC-42A3-9474-1A3956D46DE8}") = "Customer", "Customer", "{54B67206-1247-4572-AD81-B7C1C6F581FA}"
EndProject
Project("{2150E333-8FDC-42A3-9474-1A3956D46DE8}") = "src", "src", "{23CB3C81-B75F-4088-B838-7D59E16973A1}"
EndProject
Project("{2150E333-8FDC-42A3-9474-1A3956D46DE8}") = "tests", "tests", "{54EE8AEE-8AB9-484C-9DA5-C2BBB05F868A}"
EndProject
Project("{9A19103F-16F7-4668-BE54-9A1E7A4F7556}") = "IntegrationTest", "src\Services\Ticketing\tests\IntegrationTest\IntegrationTest.csproj", "{57B31A47-74CC-4309-97FA-091E6A5FE006}"
EndProject
Project("{9A19103F-16F7-4668-BE54-9A1E7A4F7556}") = "Customer.API", "src\Services\Customer\src\Customer.API\Customer.API.csproj", "{CE2EC35A-81C0-4020-ADC2-DB70AC9FD8F9}"
EndProject
Project("{9A19103F-16F7-4668-BE54-9A1E7A4F7556}") = "Customer", "src\Services\Customer\src\Customer\Customer.csproj", "{83D558FC-10CE-4672-B918-7D569708634F}"
EndProject
Project("{9A19103F-16F7-4668-BE54-9A1E7A4F7556}") = "IntegrationTest", "src\Services\Customer\tests\IntegrationTest\IntegrationTest.csproj", "{BA010DF5-A88B-4EC6-AF1B-DC96EE9A506E}"
EndProject
Project("{2150E333-8FDC-42A3-9474-1A3956D46DE8}") = "Event", "Event", "{9C1871C8-9123-4BD8-8452-401333AF4FA1}"
EndProject
Project("{2150E333-8FDC-42A3-9474-1A3956D46DE8}") = "src", "src", "{174A31FA-0565-4B84-9C36-5A061FCD4B58}"
EndProject
Project("{2150E333-8FDC-42A3-9474-1A3956D46DE8}") = "tests", "tests", "{A10C1193-66CD-410F-9759-52C5C61DA71F}"
EndProject
Project("{9A19103F-16F7-4668-BE54-9A1E7A4F7556}") = "Event.API", "src\Services\Event\src\Event.API\Event.API.csproj", "{8DEA233B-8B53-4002-994D-DA66596F142D}"
EndProject
Project("{9A19103F-16F7-4668-BE54-9A1E7A4F7556}") = "Event", "src\Services\Event\src\Event\Event.csproj", "{1ACF0D85-D4AD-4D12-89DD-EAEDC9BB2419}"
EndProject
Project("{9A19103F-16F7-4668-BE54-9A1E7A4F7556}") = "IntegrationTest", "src\Services\Event\tests\IntegrationTest\IntegrationTest.csproj", "{8670C193-0175-4F14-B2AE-FB631096CC95}"
EndProject
Project("{9A19103F-16F7-4668-BE54-9A1E7A4F7556}") = "BuildingBlocks", "src\BuildingBlocks\BuildingBlocks\BuildingBlocks.csproj", "{C0348990-CDFE-4633-BBA1-409B2060EC0C}"
EndProject
Project("{E53339B2-1760-4266-BCC7-CA923CBCF16C}") = "docker-compose", "docker-compose.dcproj", "{7B9F6ABF-E806-44CE-9A58-32694DBEE6A3}"
EndProject
Project("{9A19103F-16F7-4668-BE54-9A1E7A4F7556}") = "EndToEndTest", "src\Services\Event\tests\EndToEndTest\EndToEndTest.csproj", "{5D143472-A9B2-4504-9D95-CE1A25CF2EE4}"
EndProject
Project("{9A19103F-16F7-4668-BE54-9A1E7A4F7556}") = "UnitTest", "src\Services\Event\tests\UnitTest\UnitTest.csproj", "{39828FA5-65AF-4293-B12E-CE6ED6B90CCF}"
EndProject
Global
	GlobalSection(SolutionConfigurationPlatforms) = preSolution
		Debug|Any CPU = Debug|Any CPU
		Release|Any CPU = Release|Any CPU
	EndGlobalSection
	GlobalSection(ProjectConfigurationPlatforms) = postSolution
		{1E82346A-C64D-4F9F-BCEE-056F26E86721}.Debug|Any CPU.ActiveCfg = Debug|Any CPU
		{1E82346A-C64D-4F9F-BCEE-056F26E86721}.Debug|Any CPU.Build.0 = Debug|Any CPU
		{1E82346A-C64D-4F9F-BCEE-056F26E86721}.Release|Any CPU.ActiveCfg = Release|Any CPU
		{1E82346A-C64D-4F9F-BCEE-056F26E86721}.Release|Any CPU.Build.0 = Release|Any CPU
		{DDB0535A-CBC5-47A3-A188-8140149E5F50}.Debug|Any CPU.ActiveCfg = Debug|Any CPU
		{DDB0535A-CBC5-47A3-A188-8140149E5F50}.Debug|Any CPU.Build.0 = Debug|Any CPU
		{DDB0535A-CBC5-47A3-A188-8140149E5F50}.Release|Any CPU.ActiveCfg = Release|Any CPU
		{DDB0535A-CBC5-47A3-A188-8140149E5F50}.Release|Any CPU.Build.0 = Release|Any CPU
		{2D528B97-D57B-4484-93ED-7C29045F247B}.Debug|Any CPU.ActiveCfg = Debug|Any CPU
		{2D528B97-D57B-4484-93ED-7C29045F247B}.Debug|Any CPU.Build.0 = Debug|Any CPU
		{2D528B97-D57B-4484-93ED-7C29045F247B}.Release|Any CPU.ActiveCfg = Release|Any CPU
		{2D528B97-D57B-4484-93ED-7C29045F247B}.Release|Any CPU.Build.0 = Release|Any CPU
		{AA8D51A6-DDF3-44E5-944D-2B044425CC84}.Debug|Any CPU.ActiveCfg = Debug|Any CPU
		{AA8D51A6-DDF3-44E5-944D-2B044425CC84}.Debug|Any CPU.Build.0 = Debug|Any CPU
		{AA8D51A6-DDF3-44E5-944D-2B044425CC84}.Release|Any CPU.ActiveCfg = Release|Any CPU
		{AA8D51A6-DDF3-44E5-944D-2B044425CC84}.Release|Any CPU.Build.0 = Release|Any CPU
		{6158CF16-18A2-4383-A6AA-D63A6AF86B4D}.Debug|Any CPU.ActiveCfg = Debug|Any CPU
		{6158CF16-18A2-4383-A6AA-D63A6AF86B4D}.Debug|Any CPU.Build.0 = Debug|Any CPU
		{6158CF16-18A2-4383-A6AA-D63A6AF86B4D}.Release|Any CPU.ActiveCfg = Release|Any CPU
		{6158CF16-18A2-4383-A6AA-D63A6AF86B4D}.Release|Any CPU.Build.0 = Release|Any CPU
		{38902A5F-696C-437C-9C00-CE3662F61BFC}.Debug|Any CPU.ActiveCfg = Debug|Any CPU
		{38902A5F-696C-437C-9C00-CE3662F61BFC}.Debug|Any CPU.Build.0 = Debug|Any CPU
		{38902A5F-696C-437C-9C00-CE3662F61BFC}.Release|Any CPU.ActiveCfg = Release|Any CPU
		{38902A5F-696C-437C-9C00-CE3662F61BFC}.Release|Any CPU.Build.0 = Release|Any CPU
		{57B31A47-74CC-4309-97FA-091E6A5FE006}.Debug|Any CPU.ActiveCfg = Debug|Any CPU
		{57B31A47-74CC-4309-97FA-091E6A5FE006}.Debug|Any CPU.Build.0 = Debug|Any CPU
		{57B31A47-74CC-4309-97FA-091E6A5FE006}.Release|Any CPU.ActiveCfg = Release|Any CPU
		{57B31A47-74CC-4309-97FA-091E6A5FE006}.Release|Any CPU.Build.0 = Release|Any CPU
		{CE2EC35A-81C0-4020-ADC2-DB70AC9FD8F9}.Debug|Any CPU.ActiveCfg = Debug|Any CPU
		{CE2EC35A-81C0-4020-ADC2-DB70AC9FD8F9}.Debug|Any CPU.Build.0 = Debug|Any CPU
		{CE2EC35A-81C0-4020-ADC2-DB70AC9FD8F9}.Release|Any CPU.ActiveCfg = Release|Any CPU
		{CE2EC35A-81C0-4020-ADC2-DB70AC9FD8F9}.Release|Any CPU.Build.0 = Release|Any CPU
		{83D558FC-10CE-4672-B918-7D569708634F}.Debug|Any CPU.ActiveCfg = Debug|Any CPU
		{83D558FC-10CE-4672-B918-7D569708634F}.Debug|Any CPU.Build.0 = Debug|Any CPU
		{83D558FC-10CE-4672-B918-7D569708634F}.Release|Any CPU.ActiveCfg = Release|Any CPU
		{83D558FC-10CE-4672-B918-7D569708634F}.Release|Any CPU.Build.0 = Release|Any CPU
		{BA010DF5-A88B-4EC6-AF1B-DC96EE9A506E}.Debug|Any CPU.ActiveCfg = Debug|Any CPU
		{BA010DF5-A88B-4EC6-AF1B-DC96EE9A506E}.Debug|Any CPU.Build.0 = Debug|Any CPU
		{BA010DF5-A88B-4EC6-AF1B-DC96EE9A506E}.Release|Any CPU.ActiveCfg = Release|Any CPU
		{BA010DF5-A88B-4EC6-AF1B-DC96EE9A506E}.Release|Any CPU.Build.0 = Release|Any CPU
		{8DEA233B-8B53-4002-994D-DA66596F142D}.Debug|Any CPU.ActiveCfg = Debug|Any CPU
		{8DEA233B-8B53-4002-994D-DA66596F142D}.Debug|Any CPU.Build.0 = Debug|Any CPU
		{8DEA233B-8B53-4002-994D-DA66596F142D}.Release|Any CPU.ActiveCfg = Release|Any CPU
		{8DEA233B-8B53-4002-994D-DA66596F142D}.Release|Any CPU.Build.0 = Release|Any CPU
		{1ACF0D85-D4AD-4D12-89DD-EAEDC9BB2419}.Debug|Any CPU.ActiveCfg = Debug|Any CPU
		{1ACF0D85-D4AD-4D12-89DD-EAEDC9BB2419}.Debug|Any CPU.Build.0 = Debug|Any CPU
		{1ACF0D85-D4AD-4D12-89DD-EAEDC9BB2419}.Release|Any CPU.ActiveCfg = Release|Any CPU
		{1ACF0D85-D4AD-4D12-89DD-EAEDC9BB2419}.Release|Any CPU.Build.0 = Release|Any CPU
		{8670C193-0175-4F14-B2AE-FB631096CC95}.Debug|Any CPU.ActiveCfg = Debug|Any CPU
		{8670C193-0175-4F14-B2AE-FB631096CC95}.Debug|Any CPU.Build.0 = Debug|Any CPU
		{8670C193-0175-4F14-B2AE-FB631096CC95}.Release|Any CPU.ActiveCfg = Release|Any CPU
		{8670C193-0175-4F14-B2AE-FB631096CC95}.Release|Any CPU.Build.0 = Release|Any CPU
		{C0348990-CDFE-4633-BBA1-409B2060EC0C}.Debug|Any CPU.ActiveCfg = Debug|Any CPU
		{C0348990-CDFE-4633-BBA1-409B2060EC0C}.Debug|Any CPU.Build.0 = Debug|Any CPU
		{C0348990-CDFE-4633-BBA1-409B2060EC0C}.Release|Any CPU.ActiveCfg = Release|Any CPU
		{C0348990-CDFE-4633-BBA1-409B2060EC0C}.Release|Any CPU.Build.0 = Release|Any CPU
		{7B9F6ABF-E806-44CE-9A58-32694DBEE6A3}.Debug|Any CPU.ActiveCfg = Debug|Any CPU
		{7B9F6ABF-E806-44CE-9A58-32694DBEE6A3}.Debug|Any CPU.Build.0 = Debug|Any CPU
		{7B9F6ABF-E806-44CE-9A58-32694DBEE6A3}.Release|Any CPU.ActiveCfg = Release|Any CPU
		{7B9F6ABF-E806-44CE-9A58-32694DBEE6A3}.Release|Any CPU.Build.0 = Release|Any CPU
		{5D143472-A9B2-4504-9D95-CE1A25CF2EE4}.Debug|Any CPU.ActiveCfg = Debug|Any CPU
		{5D143472-A9B2-4504-9D95-CE1A25CF2EE4}.Debug|Any CPU.Build.0 = Debug|Any CPU
		{5D143472-A9B2-4504-9D95-CE1A25CF2EE4}.Release|Any CPU.ActiveCfg = Release|Any CPU
		{5D143472-A9B2-4504-9D95-CE1A25CF2EE4}.Release|Any CPU.Build.0 = Release|Any CPU
		{39828FA5-65AF-4293-B12E-CE6ED6B90CCF}.Debug|Any CPU.ActiveCfg = Debug|Any CPU
		{39828FA5-65AF-4293-B12E-CE6ED6B90CCF}.Debug|Any CPU.Build.0 = Debug|Any CPU
		{39828FA5-65AF-4293-B12E-CE6ED6B90CCF}.Release|Any CPU.ActiveCfg = Release|Any CPU
		{39828FA5-65AF-4293-B12E-CE6ED6B90CCF}.Release|Any CPU.Build.0 = Release|Any CPU
	EndGlobalSection
	GlobalSection(SolutionProperties) = preSolution
		HideSolutionNode = FALSE
	EndGlobalSection
	GlobalSection(NestedProjects) = preSolution
		{DFABAC60-6102-4B8A-BBAF-0F59861BF93F} = {6C4058B5-C51F-4ECC-8531-4F45F3A7ECD6}
		{95FC4586-E50C-4AB3-885C-1D2856DE81BA} = {DFABAC60-6102-4B8A-BBAF-0F59861BF93F}
		{1E82346A-C64D-4F9F-BCEE-056F26E86721} = {95FC4586-E50C-4AB3-885C-1D2856DE81BA}
		{0914CF7E-F5D7-4AD7-ACF8-37C4C74800FE} = {6C4058B5-C51F-4ECC-8531-4F45F3A7ECD6}
		{19A4380A-D483-45A8-8B03-8F4CE4E329C4} = {6C4058B5-C51F-4ECC-8531-4F45F3A7ECD6}
		{9BFAEAB3-B13D-464D-A946-BCC73BE575EB} = {6C4058B5-C51F-4ECC-8531-4F45F3A7ECD6}
		{985D148C-A43D-4CCB-B99F-62C0FAA5DFCB} = {9BFAEAB3-B13D-464D-A946-BCC73BE575EB}
		{7E4487F8-E918-4606-A367-AF29AA3E9F64} = {985D148C-A43D-4CCB-B99F-62C0FAA5DFCB}
		{1F886CAC-02FA-4369-81C9-21BBB69CE798} = {985D148C-A43D-4CCB-B99F-62C0FAA5DFCB}
		{DDB0535A-CBC5-47A3-A188-8140149E5F50} = {7E4487F8-E918-4606-A367-AF29AA3E9F64}
		{2D528B97-D57B-4484-93ED-7C29045F247B} = {7E4487F8-E918-4606-A367-AF29AA3E9F64}
		{AA8D51A6-DDF3-44E5-944D-2B044425CC84} = {1F886CAC-02FA-4369-81C9-21BBB69CE798}
		{5DF9C19C-1365-421B-A6FB-03D481249E90} = {9BFAEAB3-B13D-464D-A946-BCC73BE575EB}
		{8B54CB83-534A-44AD-898F-7F7FAB33A2B1} = {5DF9C19C-1365-421B-A6FB-03D481249E90}
		{BDA34B04-103F-4C0C-B02D-E8AB4AE7E881} = {5DF9C19C-1365-421B-A6FB-03D481249E90}
		{6158CF16-18A2-4383-A6AA-D63A6AF86B4D} = {8B54CB83-534A-44AD-898F-7F7FAB33A2B1}
		{38902A5F-696C-437C-9C00-CE3662F61BFC} = {8B54CB83-534A-44AD-898F-7F7FAB33A2B1}
		{54B67206-1247-4572-AD81-B7C1C6F581FA} = {9BFAEAB3-B13D-464D-A946-BCC73BE575EB}
		{23CB3C81-B75F-4088-B838-7D59E16973A1} = {54B67206-1247-4572-AD81-B7C1C6F581FA}
		{54EE8AEE-8AB9-484C-9DA5-C2BBB05F868A} = {54B67206-1247-4572-AD81-B7C1C6F581FA}
		{57B31A47-74CC-4309-97FA-091E6A5FE006} = {BDA34B04-103F-4C0C-B02D-E8AB4AE7E881}
		{CE2EC35A-81C0-4020-ADC2-DB70AC9FD8F9} = {23CB3C81-B75F-4088-B838-7D59E16973A1}
		{83D558FC-10CE-4672-B918-7D569708634F} = {23CB3C81-B75F-4088-B838-7D59E16973A1}
		{BA010DF5-A88B-4EC6-AF1B-DC96EE9A506E} = {54EE8AEE-8AB9-484C-9DA5-C2BBB05F868A}
		{9C1871C8-9123-4BD8-8452-401333AF4FA1} = {9BFAEAB3-B13D-464D-A946-BCC73BE575EB}
		{174A31FA-0565-4B84-9C36-5A061FCD4B58} = {9C1871C8-9123-4BD8-8452-401333AF4FA1}
		{A10C1193-66CD-410F-9759-52C5C61DA71F} = {9C1871C8-9123-4BD8-8452-401333AF4FA1}
		{8DEA233B-8B53-4002-994D-DA66596F142D} = {174A31FA-0565-4B84-9C36-5A061FCD4B58}
		{1ACF0D85-D4AD-4D12-89DD-EAEDC9BB2419} = {174A31FA-0565-4B84-9C36-5A061FCD4B58}
		{8670C193-0175-4F14-B2AE-FB631096CC95} = {A10C1193-66CD-410F-9759-52C5C61DA71F}
		{C0348990-CDFE-4633-BBA1-409B2060EC0C} = {0914CF7E-F5D7-4AD7-ACF8-37C4C74800FE}
		{5D143472-A9B2-4504-9D95-CE1A25CF2EE4} = {A10C1193-66CD-410F-9759-52C5C61DA71F}
		{39828FA5-65AF-4293-B12E-CE6ED6B90CCF} = {A10C1193-66CD-410F-9759-52C5C61DA71F}
	EndGlobalSection
	GlobalSection(ExtensibilityGlobals) = postSolution
		SolutionGuid = {B14E1734-0A6B-49EE-B192-61F406609FE3}
	EndGlobalSection
EndGlobal
